<?xml version="1.0" encoding="UTF-8" standalone="yes" ?>
<CodeBlocks_project_file>
	<FileVersion major="1" minor="6" />
	<Project>
		<Option title="st-checker" />
		<Option pch_mode="2" />
		<Option compiler="gcc" />
		<Build>
			<Target title="Debug">
				<Option output="bin/Debug/st-checker" prefix_auto="1" extension_auto="1" />
				<Option object_output="obj/Debug/" />
				<Option type="1" />
				<Option compiler="gcc" />
				<Compiler>
					<Add option="-std=c++11" />
					<Add option="-g" />
					<Add option="-I parser/libmatiec" />
					<Add option="-Xlinker -zmuldefs" />
					<Add directory="parser/libmatiec" />
					<Add directory="builder/model-builder/lib" />
				</Compiler>
				<Linker>
					<Add option="-l wali" />
					<Add library="builder/model-builder/lib/libwali.so" />
					<Add library="parser/libmatiec/stage1_2/libstage1_2.a" />
					<Add library="parser/libmatiec/absyntax/libabsyntax.a" />
					<Add library="parser/libmatiec/absyntax_utils/libabsyntax_utils.a" />
				</Linker>
			</Target>
			<Target title="Release">
				<Option output="bin/Release/st-checker" prefix_auto="1" extension_auto="1" />
				<Option object_output="obj/Release/" />
				<Option type="1" />
				<Option compiler="gcc" />
				<Compiler>
					<Add option="-O2" />
				</Compiler>
				<Linker>
					<Add option="-s" />
				</Linker>
			</Target>
		</Build>
		<Compiler>
			<Add option="-Wall" />
			<Add option="-fexceptions" />
		</Compiler>
		<Unit filename="analyzer/domain/value_set.cpp" />
		<Unit filename="analyzer/domain/value_set.h" />
		<Unit filename="analyzer/domain/var.cpp" />
		<Unit filename="analyzer/domain/var.h" />
		<Unit filename="analyzer/structures/abstract_data.cpp" />
		<Unit filename="analyzer/structures/abstract_data.h" />
		<Unit filename="analyzer/structures/bits_vector.cpp" />
		<Unit filename="analyzer/structures/bits_vector.h" />
		<Unit filename="analyzer/structures/bits_vector_1.hpp" />
		<Unit filename="analyzer/structures/bits_vector_8.hpp" />
		<Unit filename="analyzer/structures/boolean4.cpp" />
		<Unit filename="analyzer/structures/boolean4.h" />
		<Unit filename="analyzer/structures/strided_interval.cpp" />
		<Unit filename="analyzer/structures/strided_interval.h" />
		<Unit filename="analyzer/transformer/assign_stmt_transfer.cpp" />
		<Unit filename="analyzer/transformer/assign_stmt_transfer.h" />
		<Unit filename="analyzer/transformer/elif_stmt_transfer.cpp" />
		<Unit filename="analyzer/transformer/elif_stmt_transfer.h" />
		<Unit filename="analyzer/transformer/if_stmt_transfer.cpp" />
		<Unit filename="analyzer/transformer/if_stmt_transfer.h" />
		<Unit filename="analyzer/transformer/value_set_transfer.cpp" />
		<Unit filename="analyzer/transformer/value_set_transfer.h" />
		<Unit filename="builder/flow-graph-builder/CFG.cpp" />
		<Unit filename="builder/flow-graph-builder/CFG.h" />
		<Unit filename="builder/flow-graph-builder/CFG_builder.cpp" />
		<Unit filename="builder/flow-graph-builder/CFG_builder.h" />
		<Unit filename="builder/flow-graph-builder/Edge.cpp" />
		<Unit filename="builder/flow-graph-builder/Edge.h" />
		<Unit filename="builder/flow-graph-builder/Node.cpp" />
		<Unit filename="builder/flow-graph-builder/Node.h" />
		<Unit filename="builder/model-builder/cts_builder.cpp" />
		<Unit filename="builder/model-builder/cts_builder.h" />
		<Unit filename="builder/model-builder/structures/cts.cpp" />
		<Unit filename="builder/model-builder/structures/cts.h" />
		<Unit filename="builder/model-builder/structures/program_state.cpp" />
		<Unit filename="builder/model-builder/structures/program_state.h" />
		<Unit filename="builder/model-builder/structures/transition_rule.cpp" />
		<Unit filename="builder/model-builder/structures/transition_rule.h" />
		<Unit filename="builder/model-builder/structures/value_set_semiring.cpp" />
		<Unit filename="builder/model-builder/structures/value_set_semiring.h" />
		<Unit filename="builder/model-builder/wpds_builder.cpp" />
		<Unit filename="builder/model-builder/wpds_builder.h" />
		<Unit filename="main.cpp" />
		<Unit filename="parser/Absyntax_visitor.cpp" />
		<Unit filename="parser/Absyntax_visitor.h" />
		<Unit filename="parser/ST_parser.cpp" />
		<Unit filename="parser/ST_parser.h" />
		<Unit filename="test/builder_test.cpp" />
		<Unit filename="test/domain_test.cpp" />
		<Unit filename="test/flow_graph_builder_test.cpp" />
		<Unit filename="test/model-builder/transfer_semiring_test.cpp" />
		<Unit filename="test/model-builder/value_set_semiring_test.cpp" />
		<Unit filename="test/model-builder/wpds_builder_test.cpp" />
		<Unit filename="test/transfer_test.cpp" />
		<Unit filename="utils/utils.cpp" />
		<Unit filename="utils/utils.h" />
		<Extensions>
			<envvars />
			<code_completion />
			<debugger />
			<lib_finder disable_auto="1" />
		</Extensions>
	</Project>
</CodeBlocks_project_file>
